
Microsoft Visual Studio Solution File, Format Version 12.00
# Visual Studio Version 17
VisualStudioVersion = 17.10.35122.118
MinimumVisualStudioVersion = 10.0.40219.1
Project("{FAE04EC0-301F-11D3-BF4B-00C04F79EFBC}") = "Sparta_TextRPG", "Sparta_TextRPG\Sparta_TextRPG.csproj", "{7A1E1F58-804D-4C31-98AF-F0DA71F06128}"
EndProject
Global
	GlobalSection(SolutionConfigurationPlatforms) = preSolution
		Debug|Any CPU = Debug|Any CPU
		Release|Any CPU = Release|Any CPU
	EndGlobalSection
	GlobalSection(ProjectConfigurationPlatforms) = postSolution
		{7A1E1F58-804D-4C31-98AF-F0DA71F06128}.Debug|Any CPU.ActiveCfg = Debug|Any CPU
		{7A1E1F58-804D-4C31-98AF-F0DA71F06128}.Debug|Any CPU.Build.0 = Debug|Any CPU
		{7A1E1F58-804D-4C31-98AF-F0DA71F06128}.Release|Any CPU.ActiveCfg = Release|Any CPU
		{7A1E1F58-804D-4C31-98AF-F0DA71F06128}.Release|Any CPU.Build.0 = Release|Any CPU
	EndGlobalSection
	GlobalSection(SolutionProperties) = preSolution
		HideSolutionNode = FALSE
	EndGlobalSection
	GlobalSection(ExtensibilityGlobals) = postSolution
		SolutionGuid = {890FB3D7-AE02-4A8A-88B6-6EE1E066596A}
	EndGlobalSection
EndGlobal
